schema: '2.0'
stages:
  data_ingestion:
    cmd: python src/data/data_ingestion.py
    deps:
    - path: src/data/data_ingestion.py
      hash: md5
      md5: 4c7005d7d73f170141781f7d2d12341a
      size: 2990
    params:
      params.yaml:
        data_ingestion.test_size: 0.2
    outs:
    - path: data/raw
      hash: md5
      md5: f443807104c5a3d24aa89bb8fbfc56e0.dir
      size: 29572545
      nfiles: 2
  data_preprocessing:
    cmd: python src/data/data_preprocessing.py
    deps:
    - path: data/raw
      hash: md5
      md5: f443807104c5a3d24aa89bb8fbfc56e0.dir
      size: 29572545
      nfiles: 2
    - path: src/data/data_preprocessing.py
      hash: md5
      md5: 55a9bdc8f855b9690b0013276df2019c
      size: 3221
    outs:
    - path: data/interim
      hash: md5
      md5: 5c7fcbbb62f71a687473f288c5c9f0dd.dir
      size: 23431738
      nfiles: 2
  feature_engineering:
    cmd: python src/features/feature_engineering.py
    deps:
    - path: data/interim
      hash: md5
      md5: 5c7fcbbb62f71a687473f288c5c9f0dd.dir
      size: 23431738
      nfiles: 2
    - path: src/features/feature_engineering.py
      hash: md5
      md5: 687e7d7f829c84c456f51ac8a0923062
      size: 3614
    params:
      params.yaml:
        feature_engineering.max_features: 200
        feature_engineering.ngram_range:
        - 1
        - 2
    outs:
    - path: data/processed
      hash: md5
      md5: 815916c89b057ebf074404b2781ea659.dir
      size: 24376954
      nfiles: 2
    - path: models/vectorizer.pkl
      hash: md5
      md5: 88262e93a2391a0efa65f02fae3a91f5
      size: 8547
  model_building:
    cmd: python src/models/model_building.py
    deps:
    - path: data/processed
      hash: md5
      md5: 815916c89b057ebf074404b2781ea659.dir
      size: 24376954
      nfiles: 2
    - path: src/models/model_building.py
      hash: md5
      md5: 1f24bb14042fbf0408ad4655188f8bb5
      size: 2521
    params:
      params.yaml:
        model_building.C: 10
        model_building.penalty: l2
    outs:
    - path: models/model.pkl
      hash: md5
      md5: f6729f5c997f02b9242713d4c3fb83cc
      size: 51037
  model_evaluation:
    cmd: python src/models/model_evaluation.py
    deps:
    - path: models/model.pkl
      hash: md5
      md5: f6729f5c997f02b9242713d4c3fb83cc
      size: 51037
    - path: src/models/model_evaluation.py
      hash: md5
      md5: 262d00c47e08e0c2365bd80d83268f4e
      size: 5276
    outs:
    - path: reports/experiment_info.json
      hash: md5
      md5: 1ba21210c1f30d7c4010a490e7553f25
      size: 82
    - path: reports/metrics.json
      hash: md5
      md5: 05e2e7cec6f935d1d2e9f89fb0c5f42e
      size: 149
  model_registration:
    cmd: python src/models/register_model.py
    deps:
    - path: reports/experiment_info.json
      hash: md5
      md5: 1ba21210c1f30d7c4010a490e7553f25
      size: 82
    - path: src/models/register_model.py
      hash: md5
      md5: c3cdb8f994b85720ee390a54acd67bf0
      size: 2849
